lockfileVersion: 5.3

importers:

  .:
    specifiers:
      '@beam-tech/eslint-config': ^5.0.2
    dependencies:
      '@beam-tech/eslint-config': 5.0.2

  actions/codeowners:
    specifiers:
      '@actions/core': ^1.2.6
      '@actions/github': ^4.0.0
      '@vercel/ncc': ^0.28.3
    dependencies:
      '@actions/core': 1.2.7
      '@actions/github': 4.0.0
    devDependencies:
      '@vercel/ncc': 0.28.3

  actions/e2e-check:
    specifiers:
      '@actions/core': ^1.2.6
      '@actions/github': ^4.0.0
      '@vercel/ncc': ^0.28.3
    dependencies:
      '@actions/core': 1.2.7
      '@actions/github': 4.0.0
    devDependencies:
      '@vercel/ncc': 0.28.3

packages:

  /@actions/core/1.2.7:
    resolution: {integrity: sha512-kzLFD5BgEvq6ubcxdgPbRKGD2Qrgya/5j+wh4LZzqT915I0V3rED+MvjH6NXghbvk1MXknpNNQ3uKjXSEN00Ig==}
    dev: false

  /@actions/github/4.0.0:
    resolution: {integrity: sha512-Ej/Y2E+VV6sR9X7pWL5F3VgEWrABaT292DRqRU6R4hnQjPtC/zD3nagxVdXWiRQvYDh8kHXo7IDmG42eJ/dOMA==}
    dependencies:
      '@actions/http-client': 1.0.11
      '@octokit/core': 3.4.0
      '@octokit/plugin-paginate-rest': 2.13.3_@octokit+core@3.4.0
      '@octokit/plugin-rest-endpoint-methods': 4.15.0_@octokit+core@3.4.0
    dev: false

  /@actions/http-client/1.0.11:
    resolution: {integrity: sha512-VRYHGQV1rqnROJqdMvGUbY/Kn8vriQe/F9HR2AlYHzmKuM/p3kjNuXhmdBfcVgsvRWTz5C5XW5xvndZrVBuAYg==}
    dependencies:
      tunnel: 0.0.6
    dev: false

  /@beam-tech/eslint-config/5.0.2:
    resolution: {integrity: sha512-VESAObsTsgl4zlqGe2Rp+75wwPI1ZNCEDmsMpO6LWoR2KnB+8hk3BTn2uGQihyJzUFDb701bmgeeKme6f1EMyg==}
    engines: {node: '>= 4'}
    peerDependencies:
      eslint: ^7.1.0
      eslint-plugin-fp: ^2.3.0
      eslint-plugin-import: ^2.12.0
      eslint-plugin-jest: ^22.1.3
      eslint-plugin-jsx-a11y: ^6.0.3
      eslint-plugin-no-unsanitized: ^3.1.3
      eslint-plugin-no-wildcard-postmessage: ^0.2.0
      eslint-plugin-prettier: ^3.3.1
      eslint-plugin-prototype-pollution-security-rules: ^1.0.6
      eslint-plugin-react: ^7.9.1
      eslint-plugin-react-hooks: ^2.3.0
      eslint-plugin-scanjs-rules: ^0.2.1
      eslint-plugin-security: ^1.4.0
      eslint-plugin-security-node: ^1.0.12
      eslint-plugin-segment-security: ^0.9.0
    dependencies:
      eslint-config-airbnb: 18.2.1
      eslint-config-prettier: 8.1.0
      lodash: 4.17.21
      prettier: 2.2.1
    dev: false

  /@octokit/auth-token/2.4.5:
    resolution: {integrity: sha512-BpGYsPgJt05M7/L/5FoE1PiAbdxXFZkX/3kDYcsvd1v6UhlnE5e96dTDr0ezX/EFwciQxf3cNV0loipsURU+WA==}
    dependencies:
      '@octokit/types': 6.13.0
    dev: false

  /@octokit/core/3.4.0:
    resolution: {integrity: sha512-6/vlKPP8NF17cgYXqucdshWqmMZGXkuvtcrWCgU5NOI0Pl2GjlmZyWgBMrU8zJ3v2MJlM6++CiB45VKYmhiWWg==}
    dependencies:
      '@octokit/auth-token': 2.4.5
      '@octokit/graphql': 4.6.1
      '@octokit/request': 5.4.15
      '@octokit/request-error': 2.0.5
      '@octokit/types': 6.13.0
      before-after-hook: 2.2.1
      universal-user-agent: 6.0.0
    dev: false

  /@octokit/endpoint/6.0.11:
    resolution: {integrity: sha512-fUIPpx+pZyoLW4GCs3yMnlj2LfoXTWDUVPTC4V3MUEKZm48W+XYpeWSZCv+vYF1ZABUm2CqnDVf1sFtIYrj7KQ==}
    dependencies:
      '@octokit/types': 6.13.0
      is-plain-object: 5.0.0
      universal-user-agent: 6.0.0
    dev: false

  /@octokit/graphql/4.6.1:
    resolution: {integrity: sha512-2lYlvf4YTDgZCTXTW4+OX+9WTLFtEUc6hGm4qM1nlZjzxj+arizM4aHWzBVBCxY9glh7GIs0WEuiSgbVzv8cmA==}
    dependencies:
      '@octokit/request': 5.4.15
      '@octokit/types': 6.13.0
      universal-user-agent: 6.0.0
    dev: false

  /@octokit/openapi-types/6.0.0:
    resolution: {integrity: sha512-CnDdK7ivHkBtJYzWzZm7gEkanA7gKH6a09Eguz7flHw//GacPJLmkHA3f3N++MJmlxD1Fl+mB7B32EEpSCwztQ==}
    dev: false

  /@octokit/plugin-paginate-rest/2.13.3_@octokit+core@3.4.0:
    resolution: {integrity: sha512-46lptzM9lTeSmIBt/sVP/FLSTPGx6DCzAdSX3PfeJ3mTf4h9sGC26WpaQzMEq/Z44cOcmx8VsOhO+uEgE3cjYg==}
    peerDependencies:
      '@octokit/core': '>=2'
    dependencies:
      '@octokit/core': 3.4.0
      '@octokit/types': 6.13.0
    dev: false

  /@octokit/plugin-rest-endpoint-methods/4.15.0_@octokit+core@3.4.0:
    resolution: {integrity: sha512-1AF9GM/Ywk8ukUM5seDRj286GdFpdfsHeOrOPBV2rVtRN7MQNzRIcw8W5sb4JPerjQ0WcRRwAwQyufg64BxJkA==}
    peerDependencies:
      '@octokit/core': '>=3'
    dependencies:
      '@octokit/core': 3.4.0
      '@octokit/types': 6.13.0
      deprecation: 2.3.1
    dev: false

  /@octokit/request-error/2.0.5:
    resolution: {integrity: sha512-T/2wcCFyM7SkXzNoyVNWjyVlUwBvW3igM3Btr/eKYiPmucXTtkxt2RBsf6gn3LTzaLSLTQtNmvg+dGsOxQrjZg==}
    dependencies:
      '@octokit/types': 6.13.0
      deprecation: 2.3.1
      once: 1.4.0
    dev: false

  /@octokit/request/5.4.15:
    resolution: {integrity: sha512-6UnZfZzLwNhdLRreOtTkT9n57ZwulCve8q3IT/Z477vThu6snfdkBuhxnChpOKNGxcQ71ow561Qoa6uqLdPtag==}
    dependencies:
      '@octokit/endpoint': 6.0.11
      '@octokit/request-error': 2.0.5
      '@octokit/types': 6.13.0
      is-plain-object: 5.0.0
      node-fetch: 2.6.1
      universal-user-agent: 6.0.0
    dev: false

  /@octokit/types/6.13.0:
    resolution: {integrity: sha512-W2J9qlVIU11jMwKHUp5/rbVUeErqelCsO5vW5PKNb7wAXQVUz87Rc+imjlEvpvbH8yUb+KHmv8NEjVZdsdpyxA==}
    dependencies:
      '@octokit/openapi-types': 6.0.0
    dev: false

  /@vercel/ncc/0.28.3:
    resolution: {integrity: sha512-g3gk4D9itbhUQa5MtN7TOdeoQnNLkPDCox5SBaQ/H3Or5lo59TOaZWrLb+x47StiAJ+8DXZS/9MJ67cIBWSsRw==}
    hasBin: true
    dev: true

  /before-after-hook/2.2.1:
    resolution: {integrity: sha512-/6FKxSTWoJdbsLDF8tdIjaRiFXiE6UHsEHE3OPI/cwPURCVi1ukP0gmLn7XWEiFk5TcwQjjY5PWsU+j+tgXgmw==}
    dev: false

  /call-bind/1.0.2:
    resolution: {integrity: sha512-7O+FbCihrB5WGbFYesctwmTKae6rOiIzmz1icreWJ+0aA7LJfuqhEso2T9ncpcFtzMQtzXf2QGGueWJGTYsqrA==}
    dependencies:
      function-bind: 1.1.1
      get-intrinsic: 1.1.1
    dev: false

  /confusing-browser-globals/1.0.10:
    resolution: {integrity: sha512-gNld/3lySHwuhaVluJUKLePYirM3QNCKzVxqAdhJII9/WXKVX5PURzMVJspS1jTslSqjeuG4KMVTSouit5YPHA==}
    dev: false

  /define-properties/1.1.3:
    resolution: {integrity: sha512-3MqfYKj2lLzdMSf8ZIZE/V+Zuy+BgD6f164e8K2w7dgnpKArBDerGYpM46IYYcjnkdPNMjPk9A6VFB8+3SKlXQ==}
    engines: {node: '>= 0.4'}
    dependencies:
      object-keys: 1.1.1
    dev: false

  /deprecation/2.3.1:
    resolution: {integrity: sha512-xmHIy4F3scKVwMsQ4WnVaS8bHOx0DmVwRywosKhaILI0ywMDWPtBSku2HNxRvF7jtwDRsoEwYQSfbxj8b7RlJQ==}
    dev: false

  /es-abstract/1.18.0:
    resolution: {integrity: sha512-LJzK7MrQa8TS0ja2w3YNLzUgJCGPdPOV1yVvezjNnS89D+VR08+Szt2mz3YB2Dck/+w5tfIq/RoUAFqJJGM2yw==}
    engines: {node: '>= 0.4'}
    dependencies:
      call-bind: 1.0.2
      es-to-primitive: 1.2.1
      function-bind: 1.1.1
      get-intrinsic: 1.1.1
      has: 1.0.3
      has-symbols: 1.0.2
      is-callable: 1.2.3
      is-negative-zero: 2.0.1
      is-regex: 1.1.2
      is-string: 1.0.5
      object-inspect: 1.9.0
      object-keys: 1.1.1
      object.assign: 4.1.2
      string.prototype.trimend: 1.0.4
      string.prototype.trimstart: 1.0.4
      unbox-primitive: 1.0.0
    dev: false

  /es-to-primitive/1.2.1:
    resolution: {integrity: sha512-QCOllgZJtaUo9miYBcLChTUaHNjJF3PYs1VidD7AwiEj1kYxKeQTctLAezAOH5ZKRH0g2IgPn6KwB4IT8iRpvA==}
    engines: {node: '>= 0.4'}
    dependencies:
      is-callable: 1.2.3
      is-date-object: 1.0.2
      is-symbol: 1.0.3
    dev: false

  /eslint-config-airbnb-base/14.2.1:
    resolution: {integrity: sha512-GOrQyDtVEc1Xy20U7vsB2yAoB4nBlfH5HZJeatRXHleO+OS5Ot+MWij4Dpltw4/DyIkqUfqz1epfhVR5XWWQPA==}
    engines: {node: '>= 6'}
    peerDependencies:
      eslint: ^5.16.0 || ^6.8.0 || ^7.2.0
      eslint-plugin-import: ^2.22.1
    dependencies:
      confusing-browser-globals: 1.0.10
      object.assign: 4.1.2
      object.entries: 1.1.3
    dev: false

  /eslint-config-airbnb/18.2.1:
    resolution: {integrity: sha512-glZNDEZ36VdlZWoxn/bUR1r/sdFKPd1mHPbqUtkctgNG4yT2DLLtJ3D+yCV+jzZCc2V1nBVkmdknOJBZ5Hc0fg==}
    engines: {node: '>= 6'}
    peerDependencies:
      eslint: ^5.16.0 || ^6.8.0 || ^7.2.0
      eslint-plugin-import: ^2.22.1
      eslint-plugin-jsx-a11y: ^6.4.1
      eslint-plugin-react: ^7.21.5
      eslint-plugin-react-hooks: ^4 || ^3 || ^2.3.0 || ^1.7.0
    dependencies:
      eslint-config-airbnb-base: 14.2.1
      object.assign: 4.1.2
      object.entries: 1.1.3
    dev: false

  /eslint-config-prettier/8.1.0:
    resolution: {integrity: sha512-oKMhGv3ihGbCIimCAjqkdzx2Q+jthoqnXSP+d86M9tptwugycmTFdVR4IpLgq2c4SHifbwO90z2fQ8/Aio73yw==}
    hasBin: true
    peerDependencies:
      eslint: '>=7.0.0'
    dev: false

  /function-bind/1.1.1:
    resolution: {integrity: sha512-yIovAzMX49sF8Yl58fSCWJ5svSLuaibPxXQJFLmBObTuCr0Mf1KiPopGM9NiFjiYBCbfaa2Fh6breQ6ANVTI0A==}
    dev: false

  /get-intrinsic/1.1.1:
    resolution: {integrity: sha512-kWZrnVM42QCiEA2Ig1bG8zjoIMOgxWwYCEeNdwY6Tv/cOSeGpcoX4pXHfKUxNKVoArnrEr2e9srnAxxGIraS9Q==}
    dependencies:
      function-bind: 1.1.1
      has: 1.0.3
      has-symbols: 1.0.2
    dev: false

  /has-bigints/1.0.1:
    resolution: {integrity: sha512-LSBS2LjbNBTf6287JEbEzvJgftkF5qFkmCo9hDRpAzKhUOlJ+hx8dd4USs00SgsUNwc4617J9ki5YtEClM2ffA==}
    dev: false

  /has-symbols/1.0.2:
    resolution: {integrity: sha512-chXa79rL/UC2KlX17jo3vRGz0azaWEx5tGqZg5pO3NUyEJVB17dMruQlzCCOfUvElghKcm5194+BCRvi2Rv/Gw==}
    engines: {node: '>= 0.4'}
    dev: false

  /has/1.0.3:
    resolution: {integrity: sha512-f2dvO0VU6Oej7RkWJGrehjbzMAjFp5/VKPp5tTpWIV4JHHZK1/BxbFRtf/siA2SWTe09caDmVtYYzWEIbBS4zw==}
    engines: {node: '>= 0.4.0'}
    dependencies:
      function-bind: 1.1.1
    dev: false

  /is-bigint/1.0.1:
    resolution: {integrity: sha512-J0ELF4yHFxHy0cmSxZuheDOz2luOdVvqjwmEcj8H/L1JHeuEDSDbeRP+Dk9kFVk5RTFzbucJ2Kb9F7ixY2QaCg==}
    dev: false

  /is-boolean-object/1.1.0:
    resolution: {integrity: sha512-a7Uprx8UtD+HWdyYwnD1+ExtTgqQtD2k/1yJgtXP6wnMm8byhkoTZRl+95LLThpzNZJ5aEvi46cdH+ayMFRwmA==}
    engines: {node: '>= 0.4'}
    dependencies:
      call-bind: 1.0.2
    dev: false

  /is-callable/1.2.3:
    resolution: {integrity: sha512-J1DcMe8UYTBSrKezuIUTUwjXsho29693unXM2YhJUTR2txK/eG47bvNa/wipPFmZFgr/N6f1GA66dv0mEyTIyQ==}
    engines: {node: '>= 0.4'}
    dev: false

  /is-date-object/1.0.2:
    resolution: {integrity: sha512-USlDT524woQ08aoZFzh3/Z6ch9Y/EWXEHQ/AaRN0SkKq4t2Jw2R2339tSXmwuVoY7LLlBCbOIlx2myP/L5zk0g==}
    engines: {node: '>= 0.4'}
    dev: false

  /is-negative-zero/2.0.1:
    resolution: {integrity: sha512-2z6JzQvZRa9A2Y7xC6dQQm4FSTSTNWjKIYYTt4246eMTJmIo0Q+ZyOsU66X8lxK1AbB92dFeglPLrhwpeRKO6w==}
    engines: {node: '>= 0.4'}
    dev: false

  /is-number-object/1.0.4:
    resolution: {integrity: sha512-zohwelOAur+5uXtk8O3GPQ1eAcu4ZX3UwxQhUlfFFMNpUd83gXgjbhJh6HmB6LUNV/ieOLQuDwJO3dWJosUeMw==}
    engines: {node: '>= 0.4'}
    dev: false

  /is-plain-object/5.0.0:
    resolution: {integrity: sha512-VRSzKkbMm5jMDoKLbltAkFQ5Qr7VDiTFGXxYFXXowVj387GeGNOCsOH6Msy00SGZ3Fp84b1Naa1psqgcCIEP5Q==}
    engines: {node: '>=0.10.0'}
    dev: false

  /is-regex/1.1.2:
    resolution: {integrity: sha512-axvdhb5pdhEVThqJzYXwMlVuZwC+FF2DpcOhTS+y/8jVq4trxyPgfcwIxIKiyeuLlSQYKkmUaPQJ8ZE4yNKXDg==}
    engines: {node: '>= 0.4'}
    dependencies:
      call-bind: 1.0.2
      has-symbols: 1.0.2
    dev: false

  /is-string/1.0.5:
    resolution: {integrity: sha512-buY6VNRjhQMiF1qWDouloZlQbRhDPCebwxSjxMjxgemYT46YMd2NR0/H+fBhEfWX4A/w9TBJ+ol+okqJKFE6vQ==}
    engines: {node: '>= 0.4'}
    dev: false

  /is-symbol/1.0.3:
    resolution: {integrity: sha512-OwijhaRSgqvhm/0ZdAcXNZt9lYdKFpcRDT5ULUuYXPoT794UNOdU+gpT6Rzo7b4V2HUl/op6GqY894AZwv9faQ==}
    engines: {node: '>= 0.4'}
    dependencies:
      has-symbols: 1.0.2
    dev: false

  /lodash/4.17.21:
    resolution: {integrity: sha512-v2kDEe57lecTulaDIuNTPy3Ry4gLGJ6Z1O3vE1krgXZNrsQ+LFTGHVxVjcXPs17LhbZVGedAJv8XZ1tvj5FvSg==}
    dev: false

  /node-fetch/2.6.1:
    resolution: {integrity: sha512-V4aYg89jEoVRxRb2fJdAg8FHvI7cEyYdVAh94HH0UIK8oJxUfkjlDQN9RbMx+bEjP7+ggMiFRprSti032Oipxw==}
    engines: {node: 4.x || >=6.0.0}
    dev: false

  /object-inspect/1.9.0:
    resolution: {integrity: sha512-i3Bp9iTqwhaLZBxGkRfo5ZbE07BQRT7MGu8+nNgwW9ItGp1TzCTw2DLEoWwjClxBjOFI/hWljTAmYGCEwmtnOw==}
    dev: false

  /object-keys/1.1.1:
    resolution: {integrity: sha512-NuAESUOUMrlIXOfHKzD6bpPu3tYt3xvjNdRIQ+FeT0lNb4K8WR70CaDxhuNguS2XG+GjkyMwOzsN5ZktImfhLA==}
    engines: {node: '>= 0.4'}
    dev: false

  /object.assign/4.1.2:
    resolution: {integrity: sha512-ixT2L5THXsApyiUPYKmW+2EHpXXe5Ii3M+f4e+aJFAHao5amFRW6J0OO6c/LU8Be47utCx2GL89hxGB6XSmKuQ==}
    engines: {node: '>= 0.4'}
    dependencies:
      call-bind: 1.0.2
      define-properties: 1.1.3
      has-symbols: 1.0.2
      object-keys: 1.1.1
    dev: false

  /object.entries/1.1.3:
    resolution: {integrity: sha512-ym7h7OZebNS96hn5IJeyUmaWhaSM4SVtAPPfNLQEI2MYWCO2egsITb9nab2+i/Pwibx+R0mtn+ltKJXRSeTMGg==}
    engines: {node: '>= 0.4'}
    dependencies:
      call-bind: 1.0.2
      define-properties: 1.1.3
      es-abstract: 1.18.0
      has: 1.0.3
    dev: false

  /once/1.4.0:
    resolution: {integrity: sha1-WDsap3WWHUsROsF9nFC6753Xa9E=}
    dependencies:
      wrappy: 1.0.2
    dev: false

  /prettier/2.2.1:
    resolution: {integrity: sha512-PqyhM2yCjg/oKkFPtTGUojv7gnZAoG80ttl45O6x2Ug/rMJw4wcc9k6aaf2hibP7BGVCCM33gZoGjyvt9mm16Q==}
    engines: {node: '>=10.13.0'}
    hasBin: true
    dev: false

  /string.prototype.trimend/1.0.4:
    resolution: {integrity: sha512-y9xCjw1P23Awk8EvTpcyL2NIr1j7wJ39f+k6lvRnSMz+mz9CGz9NYPelDk42kOz6+ql8xjfK8oYzy3jAP5QU5A==}
    dependencies:
      call-bind: 1.0.2
      define-properties: 1.1.3
    dev: false

  /string.prototype.trimstart/1.0.4:
    resolution: {integrity: sha512-jh6e984OBfvxS50tdY2nRZnoC5/mLFKOREQfw8t5yytkoUsJRNxvI/E39qu1sD0OtWI3OC0XgKSmcWwziwYuZw==}
    dependencies:
      call-bind: 1.0.2
      define-properties: 1.1.3
    dev: false

  /tunnel/0.0.6:
    resolution: {integrity: sha512-1h/Lnq9yajKY2PEbBadPXj3VxsDDu844OnaAo52UVmIzIvwwtBPIuNvkjuzBlTWpfJyUbG3ez0KSBibQkj4ojg==}
    engines: {node: '>=0.6.11 <=0.7.0 || >=0.7.3'}
    dev: false

  /unbox-primitive/1.0.0:
    resolution: {integrity: sha512-P/51NX+JXyxK/aigg1/ZgyccdAxm5K1+n8+tvqSntjOivPt19gvm1VC49RWYetsiub8WViUchdxl/KWHHB0kzA==}
    dependencies:
      function-bind: 1.1.1
      has-bigints: 1.0.1
      has-symbols: 1.0.2
      which-boxed-primitive: 1.0.2
    dev: false

  /universal-user-agent/6.0.0:
    resolution: {integrity: sha512-isyNax3wXoKaulPDZWHQqbmIx1k2tb9fb3GGDBRxCscfYV2Ch7WxPArBsFEG8s/safwXTT7H4QGhaIkTp9447w==}
    dev: false

  /which-boxed-primitive/1.0.2:
    resolution: {integrity: sha512-bwZdv0AKLpplFY2KZRX6TvyuN7ojjr7lwkg6ml0roIy9YeuSr7JS372qlNW18UQYzgYK9ziGcerWqZOmEn9VNg==}
    dependencies:
      is-bigint: 1.0.1
      is-boolean-object: 1.1.0
      is-number-object: 1.0.4
      is-string: 1.0.5
      is-symbol: 1.0.3
    dev: false

  /wrappy/1.0.2:
    resolution: {integrity: sha1-tSQ9jz7BqjXxNkYFvA0QNuMKtp8=}
    dev: false
